
Microsoft Visual Studio Solution File, Format Version 12.00
# Visual Studio 15
VisualStudioVersion = 15.0.26430.14
MinimumVisualStudioVersion = 10.0.40219.1
Project("{FAE04EC0-301F-11D3-BF4B-00C04F79EFBC}") = "GenericBox", "GenericBox\GenericBox.csproj", "{43CF2186-DC3A-42BF-92E1-8D6A03995832}"
EndProject
Project("{FAE04EC0-301F-11D3-BF4B-00C04F79EFBC}") = "Problem8CustomList", "Problem8CustomList\Problem8CustomList.csproj", "{75F02457-9EEF-454F-A028-C29C0A10BCB5}"
EndProject
Project("{FAE04EC0-301F-11D3-BF4B-00C04F79EFBC}") = "TupleProblem", "TupleProblem\TupleProblem.csproj", "{8DFBE99F-FCCA-4A57-A5AD-5E99BB4B801F}"
EndProject
Project("{FAE04EC0-301F-11D3-BF4B-00C04F79EFBC}") = "Listtss", "Listtss\Listtss.csproj", "{23F77AF4-860B-40E4-A582-0B52401E6443}"
EndProject
Global
	GlobalSection(SolutionConfigurationPlatforms) = preSolution
		Debug|Any CPU = Debug|Any CPU
		Release|Any CPU = Release|Any CPU
	EndGlobalSection
	GlobalSection(ProjectConfigurationPlatforms) = postSolution
		{43CF2186-DC3A-42BF-92E1-8D6A03995832}.Debug|Any CPU.ActiveCfg = Debug|Any CPU
		{43CF2186-DC3A-42BF-92E1-8D6A03995832}.Debug|Any CPU.Build.0 = Debug|Any CPU
		{43CF2186-DC3A-42BF-92E1-8D6A03995832}.Release|Any CPU.ActiveCfg = Release|Any CPU
		{43CF2186-DC3A-42BF-92E1-8D6A03995832}.Release|Any CPU.Build.0 = Release|Any CPU
		{75F02457-9EEF-454F-A028-C29C0A10BCB5}.Debug|Any CPU.ActiveCfg = Debug|Any CPU
		{75F02457-9EEF-454F-A028-C29C0A10BCB5}.Debug|Any CPU.Build.0 = Debug|Any CPU
		{75F02457-9EEF-454F-A028-C29C0A10BCB5}.Release|Any CPU.ActiveCfg = Release|Any CPU
		{75F02457-9EEF-454F-A028-C29C0A10BCB5}.Release|Any CPU.Build.0 = Release|Any CPU
		{8DFBE99F-FCCA-4A57-A5AD-5E99BB4B801F}.Debug|Any CPU.ActiveCfg = Debug|Any CPU
		{8DFBE99F-FCCA-4A57-A5AD-5E99BB4B801F}.Debug|Any CPU.Build.0 = Debug|Any CPU
		{8DFBE99F-FCCA-4A57-A5AD-5E99BB4B801F}.Release|Any CPU.ActiveCfg = Release|Any CPU
		{8DFBE99F-FCCA-4A57-A5AD-5E99BB4B801F}.Release|Any CPU.Build.0 = Release|Any CPU
		{23F77AF4-860B-40E4-A582-0B52401E6443}.Debug|Any CPU.ActiveCfg = Debug|Any CPU
		{23F77AF4-860B-40E4-A582-0B52401E6443}.Debug|Any CPU.Build.0 = Debug|Any CPU
		{23F77AF4-860B-40E4-A582-0B52401E6443}.Release|Any CPU.ActiveCfg = Release|Any CPU
		{23F77AF4-860B-40E4-A582-0B52401E6443}.Release|Any CPU.Build.0 = Release|Any CPU
	EndGlobalSection
	GlobalSection(SolutionProperties) = preSolution
		HideSolutionNode = FALSE
	EndGlobalSection
EndGlobal
